
Microsoft Visual Studio Solution File, Format Version 12.00
# Visual Studio 14
VisualStudioVersion = 14.0.24720.0
MinimumVisualStudioVersion = 10.0.40219.1
Project("{FAE04EC0-301F-11D3-BF4B-00C04F79EFBC}") = "EMIS.PatientFlow.Common", "EMIS.PatientFlow.Common\EMIS.PatientFlow.Common.csproj", "{768A1FC4-F28A-4FED-BF39-D62CB6E6682E}"
EndProject
Project("{FAE04EC0-301F-11D3-BF4B-00C04F79EFBC}") = "EMIS.PatientFlow.API", "EMIS.PatientFlow.API\EMIS.PatientFlow.API.csproj", "{7508EA59-A936-4D68-B669-73F9FBD0F518}"
EndProject
Project("{FAE04EC0-301F-11D3-BF4B-00C04F79EFBC}") = "EMIS.PatientFlow.Kiosk", "EMIS.PatientFlow.Kiosk\EMIS.PatientFlow.Kiosk.csproj", "{05F695AD-BA58-40D8-920E-EFD431652F45}"
EndProject
Global
	GlobalSection(SolutionConfigurationPlatforms) = preSolution
		Debug|Any CPU = Debug|Any CPU
		Release|Any CPU = Release|Any CPU
	EndGlobalSection
	GlobalSection(ProjectConfigurationPlatforms) = postSolution
		{768A1FC4-F28A-4FED-BF39-D62CB6E6682E}.Debug|Any CPU.ActiveCfg = Debug|Any CPU
		{768A1FC4-F28A-4FED-BF39-D62CB6E6682E}.Debug|Any CPU.Build.0 = Debug|Any CPU
		{768A1FC4-F28A-4FED-BF39-D62CB6E6682E}.Release|Any CPU.ActiveCfg = Release|Any CPU
		{768A1FC4-F28A-4FED-BF39-D62CB6E6682E}.Release|Any CPU.Build.0 = Release|Any CPU
		{7508EA59-A936-4D68-B669-73F9FBD0F518}.Debug|Any CPU.ActiveCfg = Debug|Any CPU
		{7508EA59-A936-4D68-B669-73F9FBD0F518}.Debug|Any CPU.Build.0 = Debug|Any CPU
		{7508EA59-A936-4D68-B669-73F9FBD0F518}.Release|Any CPU.ActiveCfg = Release|Any CPU
		{7508EA59-A936-4D68-B669-73F9FBD0F518}.Release|Any CPU.Build.0 = Release|Any CPU
		{05F695AD-BA58-40D8-920E-EFD431652F45}.Debug|Any CPU.ActiveCfg = Debug|Any CPU
		{05F695AD-BA58-40D8-920E-EFD431652F45}.Debug|Any CPU.Build.0 = Debug|Any CPU
		{05F695AD-BA58-40D8-920E-EFD431652F45}.Release|Any CPU.ActiveCfg = Release|Any CPU
		{05F695AD-BA58-40D8-920E-EFD431652F45}.Release|Any CPU.Build.0 = Release|Any CPU
	EndGlobalSection
	GlobalSection(SolutionProperties) = preSolution
		HideSolutionNode = FALSE
	EndGlobalSection
	GlobalSection(TeamFoundationVersionControl) = preSolution
		SccNumberOfProjects = 1
		SccEnterpriseProvider = {4CA58AB2-18FA-4F8D-95D4-32DDF27D184C}
		SccTeamFoundationServer = http://sv-teamfs:8080/tfs/emiscollection
		SccProjectUniqueName0 = EMIS.PatientFlow.Kiosk\\EMIS.PatientFlow.Kiosk.csproj
		SccProjectName0 = EMIS.PatientFlow.Kiosk
		SccAuxPath0 = http://sv-teamfs:8080/tfs/emiscollection
		SccLocalPath0 = EMIS.PatientFlow.Kiosk
		SccProvider0 = {4CA58AB2-18FA-4F8D-95D4-32DDF27D184C}
	EndGlobalSection
	GlobalSection(SubversionScc) = preSolution
		Svn-Managed = True
		Manager = AnkhSVN - Subversion Support for Visual Studio
	EndGlobalSection
EndGlobal
